
Microsoft Visual Studio Solution File, Format Version 12.00
# Visual Studio Version 16
VisualStudioVersion = 16.0.29123.88
MinimumVisualStudioVersion = 10.0.40219.1
Project("{FAE04EC0-301F-11D3-BF4B-00C04F79EFBC}") = "CRM.Proeject.BL", "CRM.Proeject.BL\CRM.Proeject.BL.csproj", "{024842B0-939D-4D17-A19A-0106011A4389}"
EndProject
Global
	GlobalSection(SolutionConfigurationPlatforms) = preSolution
		Debug|Any CPU = Debug|Any CPU
		Release|Any CPU = Release|Any CPU
	EndGlobalSection
	GlobalSection(ProjectConfigurationPlatforms) = postSolution
		{024842B0-939D-4D17-A19A-0106011A4389}.Debug|Any CPU.ActiveCfg = Debug|Any CPU
		{024842B0-939D-4D17-A19A-0106011A4389}.Debug|Any CPU.Build.0 = Debug|Any CPU
		{024842B0-939D-4D17-A19A-0106011A4389}.Release|Any CPU.ActiveCfg = Release|Any CPU
		{024842B0-939D-4D17-A19A-0106011A4389}.Release|Any CPU.Build.0 = Release|Any CPU
	EndGlobalSection
	GlobalSection(SolutionProperties) = preSolution
		HideSolutionNode = FALSE
	EndGlobalSection
	GlobalSection(ExtensibilityGlobals) = postSolution
		SolutionGuid = {0A5B1E00-8DA1-4097-AC64-0B33A6F48391}
	EndGlobalSection
EndGlobal
